
Microsoft Visual Studio Solution File, Format Version 12.00
# Visual Studio 15
VisualStudioVersion = 15.0.26730.16
MinimumVisualStudioVersion = 10.0.40219.1
Project("{2150E333-8FDC-42A3-9474-1A3956D46DE8}") = "Solution Items", "Solution Items", "{33932469-CEF2-445D-AA53-DA388F59F6EF}"
	ProjectSection(SolutionItems) = preProject
		.editorconfig = .editorconfig
		Greed Kata.docx = Greed Kata.docx
		README.md = README.md
	EndProjectSection
EndProject
Project("{FAE04EC0-301F-11D3-BF4B-00C04F79EFBC}") = "Greed.Tests", "Greed.Tests\Greed.Tests.csproj", "{7089E3CB-1237-4146-8ADB-43A154A101A7}"
EndProject
Project("{FAE04EC0-301F-11D3-BF4B-00C04F79EFBC}") = "Greed", "Greed\Greed.csproj", "{9CEEB09A-F52A-4586-8652-EA0B8B9DB132}"
EndProject
Global
	GlobalSection(SolutionConfigurationPlatforms) = preSolution
		Debug|Any CPU = Debug|Any CPU
		Release|Any CPU = Release|Any CPU
	EndGlobalSection
	GlobalSection(ProjectConfigurationPlatforms) = postSolution
		{7089E3CB-1237-4146-8ADB-43A154A101A7}.Debug|Any CPU.ActiveCfg = Debug|Any CPU
		{7089E3CB-1237-4146-8ADB-43A154A101A7}.Debug|Any CPU.Build.0 = Debug|Any CPU
		{7089E3CB-1237-4146-8ADB-43A154A101A7}.Release|Any CPU.ActiveCfg = Release|Any CPU
		{7089E3CB-1237-4146-8ADB-43A154A101A7}.Release|Any CPU.Build.0 = Release|Any CPU
		{9CEEB09A-F52A-4586-8652-EA0B8B9DB132}.Debug|Any CPU.ActiveCfg = Debug|Any CPU
		{9CEEB09A-F52A-4586-8652-EA0B8B9DB132}.Debug|Any CPU.Build.0 = Debug|Any CPU
		{9CEEB09A-F52A-4586-8652-EA0B8B9DB132}.Release|Any CPU.ActiveCfg = Release|Any CPU
		{9CEEB09A-F52A-4586-8652-EA0B8B9DB132}.Release|Any CPU.Build.0 = Release|Any CPU
	EndGlobalSection
	GlobalSection(SolutionProperties) = preSolution
		HideSolutionNode = FALSE
	EndGlobalSection
	GlobalSection(ExtensibilityGlobals) = postSolution
		SolutionGuid = {70B41CE5-6E75-4E1A-8CC5-FAE923D541AE}
	EndGlobalSection
EndGlobal
